
Microsoft Visual Studio Solution File, Format Version 12.00
# Visual Studio 14
VisualStudioVersion = 14.0.25123.0
MinimumVisualStudioVersion = 10.0.40219.1
Project("{FAE04EC0-301F-11D3-BF4B-00C04F79EFBC}") = "DeviceManager", "DeviceManager\DeviceManager.csproj", "{C995F628-5CD7-4664-B8B5-C7F7C84A407A}"
EndProject
Global
	GlobalSection(SolutionConfigurationPlatforms) = preSolution
		Debug|Any CPU = Debug|Any CPU
		Release|Any CPU = Release|Any CPU
	EndGlobalSection
	GlobalSection(ProjectConfigurationPlatforms) = postSolution
		{C995F628-5CD7-4664-B8B5-C7F7C84A407A}.Debug|Any CPU.ActiveCfg = Debug|Any CPU
		{C995F628-5CD7-4664-B8B5-C7F7C84A407A}.Debug|Any CPU.Build.0 = Debug|Any CPU
		{C995F628-5CD7-4664-B8B5-C7F7C84A407A}.Release|Any CPU.ActiveCfg = Release|Any CPU
		{C995F628-5CD7-4664-B8B5-C7F7C84A407A}.Release|Any CPU.Build.0 = Release|Any CPU
	EndGlobalSection
	GlobalSection(SolutionProperties) = preSolution
		HideSolutionNode = FALSE
	EndGlobalSection
EndGlobal
